Microsoft Visual Studio Solution File, Format Version 13.00
# Visual Studio 2013
Project("{8BC9CEB8-8B4A-11D0-8D11-00A0C91BC942}") = "angle_implementation_unit_tests", "angle_implementation_unit_tests.vcxproj", "{2632D0A5-900A-88E4-8227-5B82114F5F5F}"
	ProjectSection(ProjectDependencies) = postProject
		{F8ABD31A-EC2F-A211-D514-076C763B69F9} = {F8ABD31A-EC2F-A211-D514-076C763B69F9}
		{D323BF0B-99F7-2CA2-B79B-F6308FDFBC05} = {D323BF0B-99F7-2CA2-B79B-F6308FDFBC05}
		{B64FBBB2-67FF-FF11-CC35-B8E4B1909936} = {B64FBBB2-67FF-FF11-CC35-B8E4B1909936}
		{C15697F6-5057-016E-BD29-422971875679} = {C15697F6-5057-016E-BD29-422971875679}
		{276D20F5-2943-414C-0FF6-21F4723A5CF6} = {276D20F5-2943-414C-0FF6-21F4723A5CF6}
		{C7BAF548-697D-2DCB-9DF3-9D1506A7B444} = {C7BAF548-697D-2DCB-9DF3-9D1506A7B444}
		{3B7F5656-177F-52EE-26B3-D6A75368D0A9} = {3B7F5656-177F-52EE-26B3-D6A75368D0A9}
	EndProjectSection
EndProject
Project("{8BC9CEB8-8B4A-11D0-8D11-00A0C91BC942}") = "angle_tests", "angle_tests.vcxproj", "{E2C10CC7-D29B-8DF8-9310-82DFA239089A}"
	ProjectSection(ProjectDependencies) = postProject
		{7FBD6F69-B9A4-69F1-A12B-8DACB3F8CD81} = {7FBD6F69-B9A4-69F1-A12B-8DACB3F8CD81}
		{FBAEE4F6-562A-588F-01F9-72DCABB3B061} = {FBAEE4F6-562A-588F-01F9-72DCABB3B061}
		{D323BF0B-99F7-2CA2-B79B-F6308FDFBC05} = {D323BF0B-99F7-2CA2-B79B-F6308FDFBC05}
	EndProjectSection
EndProject
Project("{8BC9CEB8-8B4A-11D0-8D11-00A0C91BC942}") = "commit_id", "..\src\commit_id.vcxproj", "{3B7F5656-177F-52EE-26B3-D6A75368D0A9}"
EndProject
Project("{8BC9CEB8-8B4A-11D0-8D11-00A0C91BC942}") = "compiler_tests", "compiler_tests.vcxproj", "{989AEFAA-D00F-61BC-79F3-6E41D646A86B}"
	ProjectSection(ProjectDependencies) = postProject
		{19386E01-D811-FA3B-9F1E-122BB0C0E9F5} = {19386E01-D811-FA3B-9F1E-122BB0C0E9F5}
		{D323BF0B-99F7-2CA2-B79B-F6308FDFBC05} = {D323BF0B-99F7-2CA2-B79B-F6308FDFBC05}
		{276D20F5-2943-414C-0FF6-21F4723A5CF6} = {276D20F5-2943-414C-0FF6-21F4723A5CF6}
		{C7BAF548-697D-2DCB-9DF3-9D1506A7B444} = {C7BAF548-697D-2DCB-9DF3-9D1506A7B444}
	EndProjectSection
EndProject
Project("{8BC9CEB8-8B4A-11D0-8D11-00A0C91BC942}") = "copy_compiler_dll", "..\src\copy_compiler_dll.vcxproj", "{22DC02D5-1598-943C-13E1-82185B469F81}"
	ProjectSection(ProjectDependencies) = postProject
		{63FB0B97-D1D9-5158-8E85-7F5B1E403817} = {63FB0B97-D1D9-5158-8E85-7F5B1E403817}
	EndProjectSection
EndProject
Project("{8BC9CEB8-8B4A-11D0-8D11-00A0C91BC942}") = "copy_scripts", "..\src\copy_scripts.vcxproj", "{63FB0B97-D1D9-5158-8E85-7F5B1E403817}"
EndProject
Project("{8BC9CEB8-8B4A-11D0-8D11-00A0C91BC942}") = "gmock", "gmock.vcxproj", "{B64FBBB2-67FF-FF11-CC35-B8E4B1909936}"
EndProject
Project("{8BC9CEB8-8B4A-11D0-8D11-00A0C91BC942}") = "gtest", "gtest.vcxproj", "{D323BF0B-99F7-2CA2-B79B-F6308FDFBC05}"
EndProject
Project("{8BC9CEB8-8B4A-11D0-8D11-00A0C91BC942}") = "libEGL", "..\src\libEGL.vcxproj", "{FBAEE4F6-562A-588F-01F9-72DCABB3B061}"
	ProjectSection(ProjectDependencies) = postProject
		{7FBD6F69-B9A4-69F1-A12B-8DACB3F8CD81} = {7FBD6F69-B9A4-69F1-A12B-8DACB3F8CD81}
		{3B7F5656-177F-52EE-26B3-D6A75368D0A9} = {3B7F5656-177F-52EE-26B3-D6A75368D0A9}
	EndProjectSection
EndProject
Project("{8BC9CEB8-8B4A-11D0-8D11-00A0C91BC942}") = "libGLESv2", "..\src\libGLESv2.vcxproj", "{7FBD6F69-B9A4-69F1-A12B-8DACB3F8CD81}"
	ProjectSection(ProjectDependencies) = postProject
		{C15697F6-5057-016E-BD29-422971875679} = {C15697F6-5057-016E-BD29-422971875679}
		{3B7F5656-177F-52EE-26B3-D6A75368D0A9} = {3B7F5656-177F-52EE-26B3-D6A75368D0A9}
		{22DC02D5-1598-943C-13E1-82185B469F81} = {22DC02D5-1598-943C-13E1-82185B469F81}
		{276D20F5-2943-414C-0FF6-21F4723A5CF6} = {276D20F5-2943-414C-0FF6-21F4723A5CF6}
		{C7BAF548-697D-2DCB-9DF3-9D1506A7B444} = {C7BAF548-697D-2DCB-9DF3-9D1506A7B444}
		{63FB0B97-D1D9-5158-8E85-7F5B1E403817} = {63FB0B97-D1D9-5158-8E85-7F5B1E403817}
	EndProjectSection
EndProject
Project("{8BC9CEB8-8B4A-11D0-8D11-00A0C91BC942}") = "libGLESv2_static", "..\src\libGLESv2_static.vcxproj", "{F8ABD31A-EC2F-A211-D514-076C763B69F9}"
	ProjectSection(ProjectDependencies) = postProject
		{3B7F5656-177F-52EE-26B3-D6A75368D0A9} = {3B7F5656-177F-52EE-26B3-D6A75368D0A9}
	EndProjectSection
EndProject
Project("{8BC9CEB8-8B4A-11D0-8D11-00A0C91BC942}") = "preprocessor", "..\src\preprocessor.vcxproj", "{C7BAF548-697D-2DCB-9DF3-9D1506A7B444}"
EndProject
Project("{8BC9CEB8-8B4A-11D0-8D11-00A0C91BC942}") = "preprocessor_tests", "preprocessor_tests.vcxproj", "{F4D78E74-BC3E-6728-9738-0642E5FE3C93}"
	ProjectSection(ProjectDependencies) = postProject
		{C7BAF548-697D-2DCB-9DF3-9D1506A7B444} = {C7BAF548-697D-2DCB-9DF3-9D1506A7B444}
		{D323BF0B-99F7-2CA2-B79B-F6308FDFBC05} = {D323BF0B-99F7-2CA2-B79B-F6308FDFBC05}
		{B64FBBB2-67FF-FF11-CC35-B8E4B1909936} = {B64FBBB2-67FF-FF11-CC35-B8E4B1909936}
	EndProjectSection
EndProject
Project("{8BC9CEB8-8B4A-11D0-8D11-00A0C91BC942}") = "standalone_tests", "standalone_tests.vcxproj", "{97F41977-B43B-DFEA-2F04-B46CA0F70920}"
	ProjectSection(ProjectDependencies) = postProject
		{D323BF0B-99F7-2CA2-B79B-F6308FDFBC05} = {D323BF0B-99F7-2CA2-B79B-F6308FDFBC05}
		{B64FBBB2-67FF-FF11-CC35-B8E4B1909936} = {B64FBBB2-67FF-FF11-CC35-B8E4B1909936}
	EndProjectSection
EndProject
Project("{8BC9CEB8-8B4A-11D0-8D11-00A0C91BC942}") = "translator", "..\src\translator.vcxproj", "{C15697F6-5057-016E-BD29-422971875679}"
EndProject
Project("{8BC9CEB8-8B4A-11D0-8D11-00A0C91BC942}") = "translator_lib", "..\src\translator_lib.vcxproj", "{276D20F5-2943-414C-0FF6-21F4723A5CF6}"
EndProject
Project("{8BC9CEB8-8B4A-11D0-8D11-00A0C91BC942}") = "translator_static", "..\src\translator_static.vcxproj", "{19386E01-D811-FA3B-9F1E-122BB0C0E9F5}"
EndProject
Global
	GlobalSection(SolutionConfigurationPlatforms) = preSolution
		Debug|x64 = Debug|x64
		Debug|Win32 = Debug|Win32
		Release|x64 = Release|x64
		Release|Win32 = Release|Win32
	EndGlobalSection
	GlobalSection(ProjectConfigurationPlatforms) = postSolution
		{19386E01-D811-FA3B-9F1E-122BB0C0E9F5}.Debug|x64.ActiveCfg = Debug|x64
		{19386E01-D811-FA3B-9F1E-122BB0C0E9F5}.Debug|x64.Build.0 = Debug|x64
		{19386E01-D811-FA3B-9F1E-122BB0C0E9F5}.Debug|Win32.ActiveCfg = Debug|Win32
		{19386E01-D811-FA3B-9F1E-122BB0C0E9F5}.Debug|Win32.Build.0 = Debug|Win32
		{19386E01-D811-FA3B-9F1E-122BB0C0E9F5}.Release|x64.ActiveCfg = Release|x64
		{19386E01-D811-FA3B-9F1E-122BB0C0E9F5}.Release|x64.Build.0 = Release|x64
		{19386E01-D811-FA3B-9F1E-122BB0C0E9F5}.Release|Win32.ActiveCfg = Release|Win32
		{19386E01-D811-FA3B-9F1E-122BB0C0E9F5}.Release|Win32.Build.0 = Release|Win32
		{22DC02D5-1598-943C-13E1-82185B469F81}.Debug|x64.ActiveCfg = Debug|x64
		{22DC02D5-1598-943C-13E1-82185B469F81}.Debug|x64.Build.0 = Debug|x64
		{22DC02D5-1598-943C-13E1-82185B469F81}.Debug|Win32.ActiveCfg = Debug|Win32
		{22DC02D5-1598-943C-13E1-82185B469F81}.Debug|Win32.Build.0 = Debug|Win32
		{22DC02D5-1598-943C-13E1-82185B469F81}.Release|x64.ActiveCfg = Release|x64
		{22DC02D5-1598-943C-13E1-82185B469F81}.Release|x64.Build.0 = Release|x64
		{22DC02D5-1598-943C-13E1-82185B469F81}.Release|Win32.ActiveCfg = Release|Win32
		{22DC02D5-1598-943C-13E1-82185B469F81}.Release|Win32.Build.0 = Release|Win32
		{2632D0A5-900A-88E4-8227-5B82114F5F5F}.Debug|x64.ActiveCfg = Debug|x64
		{2632D0A5-900A-88E4-8227-5B82114F5F5F}.Debug|x64.Build.0 = Debug|x64
		{2632D0A5-900A-88E4-8227-5B82114F5F5F}.Debug|Win32.ActiveCfg = Debug|Win32
		{2632D0A5-900A-88E4-8227-5B82114F5F5F}.Debug|Win32.Build.0 = Debug|Win32
		{2632D0A5-900A-88E4-8227-5B82114F5F5F}.Release|x64.ActiveCfg = Release|x64
		{2632D0A5-900A-88E4-8227-5B82114F5F5F}.Release|x64.Build.0 = Release|x64
		{2632D0A5-900A-88E4-8227-5B82114F5F5F}.Release|Win32.ActiveCfg = Release|Win32
		{2632D0A5-900A-88E4-8227-5B82114F5F5F}.Release|Win32.Build.0 = Release|Win32
		{276D20F5-2943-414C-0FF6-21F4723A5CF6}.Debug|x64.ActiveCfg = Debug|x64
		{276D20F5-2943-414C-0FF6-21F4723A5CF6}.Debug|x64.Build.0 = Debug|x64
		{276D20F5-2943-414C-0FF6-21F4723A5CF6}.Debug|Win32.ActiveCfg = Debug|Win32
		{276D20F5-2943-414C-0FF6-21F4723A5CF6}.Debug|Win32.Build.0 = Debug|Win32
		{276D20F5-2943-414C-0FF6-21F4723A5CF6}.Release|x64.ActiveCfg = Release|x64
		{276D20F5-2943-414C-0FF6-21F4723A5CF6}.Release|x64.Build.0 = Release|x64
		{276D20F5-2943-414C-0FF6-21F4723A5CF6}.Release|Win32.ActiveCfg = Release|Win32
		{276D20F5-2943-414C-0FF6-21F4723A5CF6}.Release|Win32.Build.0 = Release|Win32
		{3B7F5656-177F-52EE-26B3-D6A75368D0A9}.Debug|x64.ActiveCfg = Debug|x64
		{3B7F5656-177F-52EE-26B3-D6A75368D0A9}.Debug|x64.Build.0 = Debug|x64
		{3B7F5656-177F-52EE-26B3-D6A75368D0A9}.Debug|Win32.ActiveCfg = Debug|Win32
		{3B7F5656-177F-52EE-26B3-D6A75368D0A9}.Debug|Win32.Build.0 = Debug|Win32
		{3B7F5656-177F-52EE-26B3-D6A75368D0A9}.Release|x64.ActiveCfg = Release|x64
		{3B7F5656-177F-52EE-26B3-D6A75368D0A9}.Release|x64.Build.0 = Release|x64
		{3B7F5656-177F-52EE-26B3-D6A75368D0A9}.Release|Win32.ActiveCfg = Release|Win32
		{3B7F5656-177F-52EE-26B3-D6A75368D0A9}.Release|Win32.Build.0 = Release|Win32
		{63FB0B97-D1D9-5158-8E85-7F5B1E403817}.Debug|x64.ActiveCfg = Debug|x64
		{63FB0B97-D1D9-5158-8E85-7F5B1E403817}.Debug|x64.Build.0 = Debug|x64
		{63FB0B97-D1D9-5158-8E85-7F5B1E403817}.Debug|Win32.ActiveCfg = Debug|Win32
		{63FB0B97-D1D9-5158-8E85-7F5B1E403817}.Debug|Win32.Build.0 = Debug|Win32
		{63FB0B97-D1D9-5158-8E85-7F5B1E403817}.Release|x64.ActiveCfg = Release|x64
		{63FB0B97-D1D9-5158-8E85-7F5B1E403817}.Release|x64.Build.0 = Release|x64
		{63FB0B97-D1D9-5158-8E85-7F5B1E403817}.Release|Win32.ActiveCfg = Release|Win32
		{63FB0B97-D1D9-5158-8E85-7F5B1E403817}.Release|Win32.Build.0 = Release|Win32
		{7FBD6F69-B9A4-69F1-A12B-8DACB3F8CD81}.Debug|x64.ActiveCfg = Debug|x64
		{7FBD6F69-B9A4-69F1-A12B-8DACB3F8CD81}.Debug|x64.Build.0 = Debug|x64
		{7FBD6F69-B9A4-69F1-A12B-8DACB3F8CD81}.Debug|Win32.ActiveCfg = Debug|Win32
		{7FBD6F69-B9A4-69F1-A12B-8DACB3F8CD81}.Debug|Win32.Build.0 = Debug|Win32
		{7FBD6F69-B9A4-69F1-A12B-8DACB3F8CD81}.Release|x64.ActiveCfg = Release|x64
		{7FBD6F69-B9A4-69F1-A12B-8DACB3F8CD81}.Release|x64.Build.0 = Release|x64
		{7FBD6F69-B9A4-69F1-A12B-8DACB3F8CD81}.Release|Win32.ActiveCfg = Release|Win32
		{7FBD6F69-B9A4-69F1-A12B-8DACB3F8CD81}.Release|Win32.Build.0 = Release|Win32
		{97F41977-B43B-DFEA-2F04-B46CA0F70920}.Debug|x64.ActiveCfg = Debug|x64
		{97F41977-B43B-DFEA-2F04-B46CA0F70920}.Debug|x64.Build.0 = Debug|x64
		{97F41977-B43B-DFEA-2F04-B46CA0F70920}.Debug|Win32.ActiveCfg = Debug|Win32
		{97F41977-B43B-DFEA-2F04-B46CA0F70920}.Debug|Win32.Build.0 = Debug|Win32
		{97F41977-B43B-DFEA-2F04-B46CA0F70920}.Release|x64.ActiveCfg = Release|x64
		{97F41977-B43B-DFEA-2F04-B46CA0F70920}.Release|x64.Build.0 = Release|x64
		{97F41977-B43B-DFEA-2F04-B46CA0F70920}.Release|Win32.ActiveCfg = Release|Win32
		{97F41977-B43B-DFEA-2F04-B46CA0F70920}.Release|Win32.Build.0 = Release|Win32
		{989AEFAA-D00F-61BC-79F3-6E41D646A86B}.Debug|x64.ActiveCfg = Debug|x64
		{989AEFAA-D00F-61BC-79F3-6E41D646A86B}.Debug|x64.Build.0 = Debug|x64
		{989AEFAA-D00F-61BC-79F3-6E41D646A86B}.Debug|Win32.ActiveCfg = Debug|Win32
		{989AEFAA-D00F-61BC-79F3-6E41D646A86B}.Debug|Win32.Build.0 = Debug|Win32
		{989AEFAA-D00F-61BC-79F3-6E41D646A86B}.Release|x64.ActiveCfg = Release|x64
		{989AEFAA-D00F-61BC-79F3-6E41D646A86B}.Release|x64.Build.0 = Release|x64
		{989AEFAA-D00F-61BC-79F3-6E41D646A86B}.Release|Win32.ActiveCfg = Release|Win32
		{989AEFAA-D00F-61BC-79F3-6E41D646A86B}.Release|Win32.Build.0 = Release|Win32
		{B64FBBB2-67FF-FF11-CC35-B8E4B1909936}.Debug|x64.ActiveCfg = Debug|x64
		{B64FBBB2-67FF-FF11-CC35-B8E4B1909936}.Debug|x64.Build.0 = Debug|x64
		{B64FBBB2-67FF-FF11-CC35-B8E4B1909936}.Debug|Win32.ActiveCfg = Debug|Win32
		{B64FBBB2-67FF-FF11-CC35-B8E4B1909936}.Debug|Win32.Build.0 = Debug|Win32
		{B64FBBB2-67FF-FF11-CC35-B8E4B1909936}.Release|x64.ActiveCfg = Release|x64
		{B64FBBB2-67FF-FF11-CC35-B8E4B1909936}.Release|x64.Build.0 = Release|x64
		{B64FBBB2-67FF-FF11-CC35-B8E4B1909936}.Release|Win32.ActiveCfg = Release|Win32
		{B64FBBB2-67FF-FF11-CC35-B8E4B1909936}.Release|Win32.Build.0 = Release|Win32
		{C15697F6-5057-016E-BD29-422971875679}.Debug|x64.ActiveCfg = Debug|x64
		{C15697F6-5057-016E-BD29-422971875679}.Debug|x64.Build.0 = Debug|x64
		{C15697F6-5057-016E-BD29-422971875679}.Debug|Win32.ActiveCfg = Debug|Win32
		{C15697F6-5057-016E-BD29-422971875679}.Debug|Win32.Build.0 = Debug|Win32
		{C15697F6-5057-016E-BD29-422971875679}.Release|x64.ActiveCfg = Release|x64
		{C15697F6-5057-016E-BD29-422971875679}.Release|x64.Build.0 = Release|x64
		{C15697F6-5057-016E-BD29-422971875679}.Release|Win32.ActiveCfg = Release|Win32
		{C15697F6-5057-016E-BD29-422971875679}.Release|Win32.Build.0 = Release|Win32
		{C7BAF548-697D-2DCB-9DF3-9D1506A7B444}.Debug|x64.ActiveCfg = Debug|x64
		{C7BAF548-697D-2DCB-9DF3-9D1506A7B444}.Debug|x64.Build.0 = Debug|x64
		{C7BAF548-697D-2DCB-9DF3-9D1506A7B444}.Debug|Win32.ActiveCfg = Debug|Win32
		{C7BAF548-697D-2DCB-9DF3-9D1506A7B444}.Debug|Win32.Build.0 = Debug|Win32
		{C7BAF548-697D-2DCB-9DF3-9D1506A7B444}.Release|x64.ActiveCfg = Release|x64
		{C7BAF548-697D-2DCB-9DF3-9D1506A7B444}.Release|x64.Build.0 = Release|x64
		{C7BAF548-697D-2DCB-9DF3-9D1506A7B444}.Release|Win32.ActiveCfg = Release|Win32
		{C7BAF548-697D-2DCB-9DF3-9D1506A7B444}.Release|Win32.Build.0 = Release|Win32
		{D323BF0B-99F7-2CA2-B79B-F6308FDFBC05}.Debug|x64.ActiveCfg = Debug|x64
		{D323BF0B-99F7-2CA2-B79B-F6308FDFBC05}.Debug|x64.Build.0 = Debug|x64
		{D323BF0B-99F7-2CA2-B79B-F6308FDFBC05}.Debug|Win32.ActiveCfg = Debug|Win32
		{D323BF0B-99F7-2CA2-B79B-F6308FDFBC05}.Debug|Win32.Build.0 = Debug|Win32
		{D323BF0B-99F7-2CA2-B79B-F6308FDFBC05}.Release|x64.ActiveCfg = Release|x64
		{D323BF0B-99F7-2CA2-B79B-F6308FDFBC05}.Release|x64.Build.0 = Release|x64
		{D323BF0B-99F7-2CA2-B79B-F6308FDFBC05}.Release|Win32.ActiveCfg = Release|Win32
		{D323BF0B-99F7-2CA2-B79B-F6308FDFBC05}.Release|Win32.Build.0 = Release|Win32
		{E2C10CC7-D29B-8DF8-9310-82DFA239089A}.Debug|x64.ActiveCfg = Debug|x64
		{E2C10CC7-D29B-8DF8-9310-82DFA239089A}.Debug|x64.Build.0 = Debug|x64
		{E2C10CC7-D29B-8DF8-9310-82DFA239089A}.Debug|Win32.ActiveCfg = Debug|Win32
		{E2C10CC7-D29B-8DF8-9310-82DFA239089A}.Debug|Win32.Build.0 = Debug|Win32
		{E2C10CC7-D29B-8DF8-9310-82DFA239089A}.Release|x64.ActiveCfg = Release|x64
		{E2C10CC7-D29B-8DF8-9310-82DFA239089A}.Release|x64.Build.0 = Release|x64
		{E2C10CC7-D29B-8DF8-9310-82DFA239089A}.Release|Win32.ActiveCfg = Release|Win32
		{E2C10CC7-D29B-8DF8-9310-82DFA239089A}.Release|Win32.Build.0 = Release|Win32
		{F4D78E74-BC3E-6728-9738-0642E5FE3C93}.Debug|x64.ActiveCfg = Debug|x64
		{F4D78E74-BC3E-6728-9738-0642E5FE3C93}.Debug|x64.Build.0 = Debug|x64
		{F4D78E74-BC3E-6728-9738-0642E5FE3C93}.Debug|Win32.ActiveCfg = Debug|Win32
		{F4D78E74-BC3E-6728-9738-0642E5FE3C93}.Debug|Win32.Build.0 = Debug|Win32
		{F4D78E74-BC3E-6728-9738-0642E5FE3C93}.Release|x64.ActiveCfg = Release|x64
		{F4D78E74-BC3E-6728-9738-0642E5FE3C93}.Release|x64.Build.0 = Release|x64
		{F4D78E74-BC3E-6728-9738-0642E5FE3C93}.Release|Win32.ActiveCfg = Release|Win32
		{F4D78E74-BC3E-6728-9738-0642E5FE3C93}.Release|Win32.Build.0 = Release|Win32
		{F8ABD31A-EC2F-A211-D514-076C763B69F9}.Debug|x64.ActiveCfg = Debug|x64
		{F8ABD31A-EC2F-A211-D514-076C763B69F9}.Debug|x64.Build.0 = Debug|x64
		{F8ABD31A-EC2F-A211-D514-076C763B69F9}.Debug|Win32.ActiveCfg = Debug|Win32
		{F8ABD31A-EC2F-A211-D514-076C763B69F9}.Debug|Win32.Build.0 = Debug|Win32
		{F8ABD31A-EC2F-A211-D514-076C763B69F9}.Release|x64.ActiveCfg = Release|x64
		{F8ABD31A-EC2F-A211-D514-076C763B69F9}.Release|x64.Build.0 = Release|x64
		{F8ABD31A-EC2F-A211-D514-076C763B69F9}.Release|Win32.ActiveCfg = Release|Win32
		{F8ABD31A-EC2F-A211-D514-076C763B69F9}.Release|Win32.Build.0 = Release|Win32
		{FBAEE4F6-562A-588F-01F9-72DCABB3B061}.Debug|x64.ActiveCfg = Debug|x64
		{FBAEE4F6-562A-588F-01F9-72DCABB3B061}.Debug|x64.Build.0 = Debug|x64
		{FBAEE4F6-562A-588F-01F9-72DCABB3B061}.Debug|Win32.ActiveCfg = Debug|Win32
		{FBAEE4F6-562A-588F-01F9-72DCABB3B061}.Debug|Win32.Build.0 = Debug|Win32
		{FBAEE4F6-562A-588F-01F9-72DCABB3B061}.Release|x64.ActiveCfg = Release|x64
		{FBAEE4F6-562A-588F-01F9-72DCABB3B061}.Release|x64.Build.0 = Release|x64
		{FBAEE4F6-562A-588F-01F9-72DCABB3B061}.Release|Win32.ActiveCfg = Release|Win32
		{FBAEE4F6-562A-588F-01F9-72DCABB3B061}.Release|Win32.Build.0 = Release|Win32
	EndGlobalSection
	GlobalSection(SolutionProperties) = preSolution
		HideSolutionNode = FALSE
	EndGlobalSection
EndGlobal
