Microsoft Visual Studio Solution File, Format Version 11.00
# Visual C++ Express 2010
Project("{8BC9CEB8-8B4A-11D0-8D11-00A0C91BC942}") = "commit_id", "commit_id.vcxproj", "{9E358679-9CE6-7320-1EC4-CD6F7BDB7172}"
EndProject
Project("{8BC9CEB8-8B4A-11D0-8D11-00A0C91BC942}") = "copy_compiler_dll", "copy_compiler_dll.vcxproj", "{C9265FA2-590E-F626-1E60-FADB7BB16D07}"
EndProject
Project("{8BC9CEB8-8B4A-11D0-8D11-00A0C91BC942}") = "libEGL", "libEGL.vcxproj", "{C3470C3B-BB94-8AFB-162D-EAF33C31F052}"
	ProjectSection(ProjectDependencies) = postProject
		{46148263-A257-9411-8A77-34C58F2CFC87} = {46148263-A257-9411-8A77-34C58F2CFC87}
		{9E358679-9CE6-7320-1EC4-CD6F7BDB7172} = {9E358679-9CE6-7320-1EC4-CD6F7BDB7172}
	EndProjectSection
EndProject
Project("{8BC9CEB8-8B4A-11D0-8D11-00A0C91BC942}") = "libGLESv2", "libGLESv2.vcxproj", "{46148263-A257-9411-8A77-34C58F2CFC87}"
	ProjectSection(ProjectDependencies) = postProject
		{96AE19C6-7D3B-98C9-3CEB-34D2B9EECB6F} = {96AE19C6-7D3B-98C9-3CEB-34D2B9EECB6F}
		{9E358679-9CE6-7320-1EC4-CD6F7BDB7172} = {9E358679-9CE6-7320-1EC4-CD6F7BDB7172}
		{C9265FA2-590E-F626-1E60-FADB7BB16D07} = {C9265FA2-590E-F626-1E60-FADB7BB16D07}
	EndProjectSection
EndProject
Project("{8BC9CEB8-8B4A-11D0-8D11-00A0C91BC942}") = "preprocessor", "preprocessor.vcxproj", "{3FA19AE1-643C-5BD0-696F-D66653BB4E53}"
EndProject
Project("{8BC9CEB8-8B4A-11D0-8D11-00A0C91BC942}") = "translator", "translator.vcxproj", "{96AE19C6-7D3B-98C9-3CEB-34D2B9EECB6F}"
	ProjectSection(ProjectDependencies) = postProject
		{3FA19AE1-643C-5BD0-696F-D66653BB4E53} = {3FA19AE1-643C-5BD0-696F-D66653BB4E53}
	EndProjectSection
EndProject
Project("{8BC9CEB8-8B4A-11D0-8D11-00A0C91BC942}") = "translator_static", "translator_static.vcxproj", "{8A80AF57-0AB8-9E13-8639-F96DA1A4CD29}"
EndProject
Global
	GlobalSection(SolutionConfigurationPlatforms) = preSolution
		Debug|Win32 = Debug|Win32
		Release|Win32 = Release|Win32
	EndGlobalSection
	GlobalSection(ProjectConfigurationPlatforms) = postSolution
		{3FA19AE1-643C-5BD0-696F-D66653BB4E53}.Debug|Win32.ActiveCfg = Debug|Win32
		{3FA19AE1-643C-5BD0-696F-D66653BB4E53}.Debug|Win32.Build.0 = Debug|Win32
		{3FA19AE1-643C-5BD0-696F-D66653BB4E53}.Release|Win32.ActiveCfg = Release|Win32
		{3FA19AE1-643C-5BD0-696F-D66653BB4E53}.Release|Win32.Build.0 = Release|Win32
		{46148263-A257-9411-8A77-34C58F2CFC87}.Debug|Win32.ActiveCfg = Debug|Win32
		{46148263-A257-9411-8A77-34C58F2CFC87}.Debug|Win32.Build.0 = Debug|Win32
		{46148263-A257-9411-8A77-34C58F2CFC87}.Release|Win32.ActiveCfg = Release|Win32
		{46148263-A257-9411-8A77-34C58F2CFC87}.Release|Win32.Build.0 = Release|Win32
		{8A80AF57-0AB8-9E13-8639-F96DA1A4CD29}.Debug|Win32.ActiveCfg = Debug|Win32
		{8A80AF57-0AB8-9E13-8639-F96DA1A4CD29}.Debug|Win32.Build.0 = Debug|Win32
		{8A80AF57-0AB8-9E13-8639-F96DA1A4CD29}.Release|Win32.ActiveCfg = Release|Win32
		{8A80AF57-0AB8-9E13-8639-F96DA1A4CD29}.Release|Win32.Build.0 = Release|Win32
		{96AE19C6-7D3B-98C9-3CEB-34D2B9EECB6F}.Debug|Win32.ActiveCfg = Debug|Win32
		{96AE19C6-7D3B-98C9-3CEB-34D2B9EECB6F}.Debug|Win32.Build.0 = Debug|Win32
		{96AE19C6-7D3B-98C9-3CEB-34D2B9EECB6F}.Release|Win32.ActiveCfg = Release|Win32
		{96AE19C6-7D3B-98C9-3CEB-34D2B9EECB6F}.Release|Win32.Build.0 = Release|Win32
		{9E358679-9CE6-7320-1EC4-CD6F7BDB7172}.Debug|Win32.ActiveCfg = Debug|Win32
		{9E358679-9CE6-7320-1EC4-CD6F7BDB7172}.Debug|Win32.Build.0 = Debug|Win32
		{9E358679-9CE6-7320-1EC4-CD6F7BDB7172}.Release|Win32.ActiveCfg = Release|Win32
		{9E358679-9CE6-7320-1EC4-CD6F7BDB7172}.Release|Win32.Build.0 = Release|Win32
		{C3470C3B-BB94-8AFB-162D-EAF33C31F052}.Debug|Win32.ActiveCfg = Debug|Win32
		{C3470C3B-BB94-8AFB-162D-EAF33C31F052}.Debug|Win32.Build.0 = Debug|Win32
		{C3470C3B-BB94-8AFB-162D-EAF33C31F052}.Release|Win32.ActiveCfg = Release|Win32
		{C3470C3B-BB94-8AFB-162D-EAF33C31F052}.Release|Win32.Build.0 = Release|Win32
		{C9265FA2-590E-F626-1E60-FADB7BB16D07}.Debug|Win32.ActiveCfg = Debug|Win32
		{C9265FA2-590E-F626-1E60-FADB7BB16D07}.Debug|Win32.Build.0 = Debug|Win32
		{C9265FA2-590E-F626-1E60-FADB7BB16D07}.Release|Win32.ActiveCfg = Release|Win32
		{C9265FA2-590E-F626-1E60-FADB7BB16D07}.Release|Win32.Build.0 = Release|Win32
	EndGlobalSection
	GlobalSection(SolutionProperties) = preSolution
		HideSolutionNode = FALSE
	EndGlobalSection
EndGlobal
