Microsoft Visual Studio Solution File, Format Version 13.00
# Visual Studio 2013
Project("{8BC9CEB8-8B4A-11D0-8D11-00A0C91BC942}") = "commit_id", "commit_id.vcxproj", "{9E358679-9CE6-7320-1EC4-CD6F7BDB7172}"
EndProject
Project("{8BC9CEB8-8B4A-11D0-8D11-00A0C91BC942}") = "copy_compiler_dll", "copy_compiler_dll.vcxproj", "{C9265FA2-590E-F626-1E60-FADB7BB16D07}"
	ProjectSection(ProjectDependencies) = postProject
		{D4FD3C6F-CED9-0BCD-DDA0-6A925E944FB1} = {D4FD3C6F-CED9-0BCD-DDA0-6A925E944FB1}
	EndProjectSection
EndProject
Project("{8BC9CEB8-8B4A-11D0-8D11-00A0C91BC942}") = "copy_scripts", "copy_scripts.vcxproj", "{D4FD3C6F-CED9-0BCD-DDA0-6A925E944FB1}"
EndProject
Project("{8BC9CEB8-8B4A-11D0-8D11-00A0C91BC942}") = "libANGLE", "libANGLE.vcxproj", "{50981948-CE4F-640F-5D5C-770F245571D4}"
	ProjectSection(ProjectDependencies) = postProject
		{9E358679-9CE6-7320-1EC4-CD6F7BDB7172} = {9E358679-9CE6-7320-1EC4-CD6F7BDB7172}
		{C9265FA2-590E-F626-1E60-FADB7BB16D07} = {C9265FA2-590E-F626-1E60-FADB7BB16D07}
	EndProjectSection
EndProject
Project("{8BC9CEB8-8B4A-11D0-8D11-00A0C91BC942}") = "libEGL", "libEGL.vcxproj", "{C3470C3B-BB94-8AFB-162D-EAF33C31F052}"
	ProjectSection(ProjectDependencies) = postProject
		{46148263-A257-9411-8A77-34C58F2CFC87} = {46148263-A257-9411-8A77-34C58F2CFC87}
		{9E358679-9CE6-7320-1EC4-CD6F7BDB7172} = {9E358679-9CE6-7320-1EC4-CD6F7BDB7172}
	EndProjectSection
EndProject
Project("{8BC9CEB8-8B4A-11D0-8D11-00A0C91BC942}") = "libGLESv2", "libGLESv2.vcxproj", "{46148263-A257-9411-8A77-34C58F2CFC87}"
	ProjectSection(ProjectDependencies) = postProject
		{50981948-CE4F-640F-5D5C-770F245571D4} = {50981948-CE4F-640F-5D5C-770F245571D4}
		{96AE19C6-7D3B-98C9-3CEB-34D2B9EECB6F} = {96AE19C6-7D3B-98C9-3CEB-34D2B9EECB6F}
		{61E95FFA-46A7-2A74-B325-31D68AFCCB38} = {61E95FFA-46A7-2A74-B325-31D68AFCCB38}
		{3FA19AE1-643C-5BD0-696F-D66653BB4E53} = {3FA19AE1-643C-5BD0-696F-D66653BB4E53}
		{9E358679-9CE6-7320-1EC4-CD6F7BDB7172} = {9E358679-9CE6-7320-1EC4-CD6F7BDB7172}
		{C9265FA2-590E-F626-1E60-FADB7BB16D07} = {C9265FA2-590E-F626-1E60-FADB7BB16D07}
		{D4FD3C6F-CED9-0BCD-DDA0-6A925E944FB1} = {D4FD3C6F-CED9-0BCD-DDA0-6A925E944FB1}
	EndProjectSection
EndProject
Project("{8BC9CEB8-8B4A-11D0-8D11-00A0C91BC942}") = "libGLESv2_static", "libGLESv2_static.vcxproj", "{A03F5EE6-A87D-8A3D-F910-A7AE599162FC}"
	ProjectSection(ProjectDependencies) = postProject
		{9E358679-9CE6-7320-1EC4-CD6F7BDB7172} = {9E358679-9CE6-7320-1EC4-CD6F7BDB7172}
	EndProjectSection
EndProject
Project("{8BC9CEB8-8B4A-11D0-8D11-00A0C91BC942}") = "preprocessor", "preprocessor.vcxproj", "{3FA19AE1-643C-5BD0-696F-D66653BB4E53}"
EndProject
Project("{8BC9CEB8-8B4A-11D0-8D11-00A0C91BC942}") = "translator", "translator.vcxproj", "{96AE19C6-7D3B-98C9-3CEB-34D2B9EECB6F}"
EndProject
Project("{8BC9CEB8-8B4A-11D0-8D11-00A0C91BC942}") = "translator_lib", "translator_lib.vcxproj", "{61E95FFA-46A7-2A74-B325-31D68AFCCB38}"
EndProject
Project("{8BC9CEB8-8B4A-11D0-8D11-00A0C91BC942}") = "translator_static", "translator_static.vcxproj", "{8A80AF57-0AB8-9E13-8639-F96DA1A4CD29}"
EndProject
Global
	GlobalSection(SolutionConfigurationPlatforms) = preSolution
		Debug|x64 = Debug|x64
		Debug|Win32 = Debug|Win32
		Release|x64 = Release|x64
		Release|Win32 = Release|Win32
	EndGlobalSection
	GlobalSection(ProjectConfigurationPlatforms) = postSolution
		{3FA19AE1-643C-5BD0-696F-D66653BB4E53}.Debug|x64.ActiveCfg = Debug|x64
		{3FA19AE1-643C-5BD0-696F-D66653BB4E53}.Debug|x64.Build.0 = Debug|x64
		{3FA19AE1-643C-5BD0-696F-D66653BB4E53}.Debug|Win32.ActiveCfg = Debug|Win32
		{3FA19AE1-643C-5BD0-696F-D66653BB4E53}.Debug|Win32.Build.0 = Debug|Win32
		{3FA19AE1-643C-5BD0-696F-D66653BB4E53}.Release|x64.ActiveCfg = Release|x64
		{3FA19AE1-643C-5BD0-696F-D66653BB4E53}.Release|x64.Build.0 = Release|x64
		{3FA19AE1-643C-5BD0-696F-D66653BB4E53}.Release|Win32.ActiveCfg = Release|Win32
		{3FA19AE1-643C-5BD0-696F-D66653BB4E53}.Release|Win32.Build.0 = Release|Win32
		{46148263-A257-9411-8A77-34C58F2CFC87}.Debug|x64.ActiveCfg = Debug|x64
		{46148263-A257-9411-8A77-34C58F2CFC87}.Debug|x64.Build.0 = Debug|x64
		{46148263-A257-9411-8A77-34C58F2CFC87}.Debug|Win32.ActiveCfg = Debug|Win32
		{46148263-A257-9411-8A77-34C58F2CFC87}.Debug|Win32.Build.0 = Debug|Win32
		{46148263-A257-9411-8A77-34C58F2CFC87}.Release|x64.ActiveCfg = Release|x64
		{46148263-A257-9411-8A77-34C58F2CFC87}.Release|x64.Build.0 = Release|x64
		{46148263-A257-9411-8A77-34C58F2CFC87}.Release|Win32.ActiveCfg = Release|Win32
		{46148263-A257-9411-8A77-34C58F2CFC87}.Release|Win32.Build.0 = Release|Win32
		{50981948-CE4F-640F-5D5C-770F245571D4}.Debug|x64.ActiveCfg = Debug|x64
		{50981948-CE4F-640F-5D5C-770F245571D4}.Debug|x64.Build.0 = Debug|x64
		{50981948-CE4F-640F-5D5C-770F245571D4}.Debug|Win32.ActiveCfg = Debug|Win32
		{50981948-CE4F-640F-5D5C-770F245571D4}.Debug|Win32.Build.0 = Debug|Win32
		{50981948-CE4F-640F-5D5C-770F245571D4}.Release|x64.ActiveCfg = Release|x64
		{50981948-CE4F-640F-5D5C-770F245571D4}.Release|x64.Build.0 = Release|x64
		{50981948-CE4F-640F-5D5C-770F245571D4}.Release|Win32.ActiveCfg = Release|Win32
		{50981948-CE4F-640F-5D5C-770F245571D4}.Release|Win32.Build.0 = Release|Win32
		{61E95FFA-46A7-2A74-B325-31D68AFCCB38}.Debug|x64.ActiveCfg = Debug|x64
		{61E95FFA-46A7-2A74-B325-31D68AFCCB38}.Debug|x64.Build.0 = Debug|x64
		{61E95FFA-46A7-2A74-B325-31D68AFCCB38}.Debug|Win32.ActiveCfg = Debug|Win32
		{61E95FFA-46A7-2A74-B325-31D68AFCCB38}.Debug|Win32.Build.0 = Debug|Win32
		{61E95FFA-46A7-2A74-B325-31D68AFCCB38}.Release|x64.ActiveCfg = Release|x64
		{61E95FFA-46A7-2A74-B325-31D68AFCCB38}.Release|x64.Build.0 = Release|x64
		{61E95FFA-46A7-2A74-B325-31D68AFCCB38}.Release|Win32.ActiveCfg = Release|Win32
		{61E95FFA-46A7-2A74-B325-31D68AFCCB38}.Release|Win32.Build.0 = Release|Win32
		{8A80AF57-0AB8-9E13-8639-F96DA1A4CD29}.Debug|x64.ActiveCfg = Debug|x64
		{8A80AF57-0AB8-9E13-8639-F96DA1A4CD29}.Debug|x64.Build.0 = Debug|x64
		{8A80AF57-0AB8-9E13-8639-F96DA1A4CD29}.Debug|Win32.ActiveCfg = Debug|Win32
		{8A80AF57-0AB8-9E13-8639-F96DA1A4CD29}.Debug|Win32.Build.0 = Debug|Win32
		{8A80AF57-0AB8-9E13-8639-F96DA1A4CD29}.Release|x64.ActiveCfg = Release|x64
		{8A80AF57-0AB8-9E13-8639-F96DA1A4CD29}.Release|x64.Build.0 = Release|x64
		{8A80AF57-0AB8-9E13-8639-F96DA1A4CD29}.Release|Win32.ActiveCfg = Release|Win32
		{8A80AF57-0AB8-9E13-8639-F96DA1A4CD29}.Release|Win32.Build.0 = Release|Win32
		{96AE19C6-7D3B-98C9-3CEB-34D2B9EECB6F}.Debug|x64.ActiveCfg = Debug|x64
		{96AE19C6-7D3B-98C9-3CEB-34D2B9EECB6F}.Debug|x64.Build.0 = Debug|x64
		{96AE19C6-7D3B-98C9-3CEB-34D2B9EECB6F}.Debug|Win32.ActiveCfg = Debug|Win32
		{96AE19C6-7D3B-98C9-3CEB-34D2B9EECB6F}.Debug|Win32.Build.0 = Debug|Win32
		{96AE19C6-7D3B-98C9-3CEB-34D2B9EECB6F}.Release|x64.ActiveCfg = Release|x64
		{96AE19C6-7D3B-98C9-3CEB-34D2B9EECB6F}.Release|x64.Build.0 = Release|x64
		{96AE19C6-7D3B-98C9-3CEB-34D2B9EECB6F}.Release|Win32.ActiveCfg = Release|Win32
		{96AE19C6-7D3B-98C9-3CEB-34D2B9EECB6F}.Release|Win32.Build.0 = Release|Win32
		{9E358679-9CE6-7320-1EC4-CD6F7BDB7172}.Debug|x64.ActiveCfg = Debug|x64
		{9E358679-9CE6-7320-1EC4-CD6F7BDB7172}.Debug|x64.Build.0 = Debug|x64
		{9E358679-9CE6-7320-1EC4-CD6F7BDB7172}.Debug|Win32.ActiveCfg = Debug|Win32
		{9E358679-9CE6-7320-1EC4-CD6F7BDB7172}.Debug|Win32.Build.0 = Debug|Win32
		{9E358679-9CE6-7320-1EC4-CD6F7BDB7172}.Release|x64.ActiveCfg = Release|x64
		{9E358679-9CE6-7320-1EC4-CD6F7BDB7172}.Release|x64.Build.0 = Release|x64
		{9E358679-9CE6-7320-1EC4-CD6F7BDB7172}.Release|Win32.ActiveCfg = Release|Win32
		{9E358679-9CE6-7320-1EC4-CD6F7BDB7172}.Release|Win32.Build.0 = Release|Win32
		{A03F5EE6-A87D-8A3D-F910-A7AE599162FC}.Debug|x64.ActiveCfg = Debug|x64
		{A03F5EE6-A87D-8A3D-F910-A7AE599162FC}.Debug|x64.Build.0 = Debug|x64
		{A03F5EE6-A87D-8A3D-F910-A7AE599162FC}.Debug|Win32.ActiveCfg = Debug|Win32
		{A03F5EE6-A87D-8A3D-F910-A7AE599162FC}.Debug|Win32.Build.0 = Debug|Win32
		{A03F5EE6-A87D-8A3D-F910-A7AE599162FC}.Release|x64.ActiveCfg = Release|x64
		{A03F5EE6-A87D-8A3D-F910-A7AE599162FC}.Release|x64.Build.0 = Release|x64
		{A03F5EE6-A87D-8A3D-F910-A7AE599162FC}.Release|Win32.ActiveCfg = Release|Win32
		{A03F5EE6-A87D-8A3D-F910-A7AE599162FC}.Release|Win32.Build.0 = Release|Win32
		{C3470C3B-BB94-8AFB-162D-EAF33C31F052}.Debug|x64.ActiveCfg = Debug|x64
		{C3470C3B-BB94-8AFB-162D-EAF33C31F052}.Debug|x64.Build.0 = Debug|x64
		{C3470C3B-BB94-8AFB-162D-EAF33C31F052}.Debug|Win32.ActiveCfg = Debug|Win32
		{C3470C3B-BB94-8AFB-162D-EAF33C31F052}.Debug|Win32.Build.0 = Debug|Win32
		{C3470C3B-BB94-8AFB-162D-EAF33C31F052}.Release|x64.ActiveCfg = Release|x64
		{C3470C3B-BB94-8AFB-162D-EAF33C31F052}.Release|x64.Build.0 = Release|x64
		{C3470C3B-BB94-8AFB-162D-EAF33C31F052}.Release|Win32.ActiveCfg = Release|Win32
		{C3470C3B-BB94-8AFB-162D-EAF33C31F052}.Release|Win32.Build.0 = Release|Win32
		{C9265FA2-590E-F626-1E60-FADB7BB16D07}.Debug|x64.ActiveCfg = Debug|x64
		{C9265FA2-590E-F626-1E60-FADB7BB16D07}.Debug|x64.Build.0 = Debug|x64
		{C9265FA2-590E-F626-1E60-FADB7BB16D07}.Debug|Win32.ActiveCfg = Debug|Win32
		{C9265FA2-590E-F626-1E60-FADB7BB16D07}.Debug|Win32.Build.0 = Debug|Win32
		{C9265FA2-590E-F626-1E60-FADB7BB16D07}.Release|x64.ActiveCfg = Release|x64
		{C9265FA2-590E-F626-1E60-FADB7BB16D07}.Release|x64.Build.0 = Release|x64
		{C9265FA2-590E-F626-1E60-FADB7BB16D07}.Release|Win32.ActiveCfg = Release|Win32
		{C9265FA2-590E-F626-1E60-FADB7BB16D07}.Release|Win32.Build.0 = Release|Win32
		{D4FD3C6F-CED9-0BCD-DDA0-6A925E944FB1}.Debug|x64.ActiveCfg = Debug|x64
		{D4FD3C6F-CED9-0BCD-DDA0-6A925E944FB1}.Debug|x64.Build.0 = Debug|x64
		{D4FD3C6F-CED9-0BCD-DDA0-6A925E944FB1}.Debug|Win32.ActiveCfg = Debug|Win32
		{D4FD3C6F-CED9-0BCD-DDA0-6A925E944FB1}.Debug|Win32.Build.0 = Debug|Win32
		{D4FD3C6F-CED9-0BCD-DDA0-6A925E944FB1}.Release|x64.ActiveCfg = Release|x64
		{D4FD3C6F-CED9-0BCD-DDA0-6A925E944FB1}.Release|x64.Build.0 = Release|x64
		{D4FD3C6F-CED9-0BCD-DDA0-6A925E944FB1}.Release|Win32.ActiveCfg = Release|Win32
		{D4FD3C6F-CED9-0BCD-DDA0-6A925E944FB1}.Release|Win32.Build.0 = Release|Win32
	EndGlobalSection
	GlobalSection(SolutionProperties) = preSolution
		HideSolutionNode = FALSE
	EndGlobalSection
EndGlobal
